// !$*UTF8*$!
{
	archiveVersion = 1;
	classes = {
	};
	objectVersion = 48;
	objects = {

/* Begin PBXBuildFile section */
		ECC5C3DB1FAEAAA100CEAD9E /* AppDelegate.swift in Sources */ = {isa = PBXBuildFile; fileRef = ECC5C3DA1FAEAAA100CEAD9E /* AppDelegate.swift */; };
		ECC5C3DD1FAEAAA100CEAD9E /* ViewController.swift in Sources */ = {isa = PBXBuildFile; fileRef = ECC5C3DC1FAEAAA100CEAD9E /* ViewController.swift */; };
		ECC5C3E01FAEAAA100CEAD9E /* Main.storyboard in Resources */ = {isa = PBXBuildFile; fileRef = ECC5C3DE1FAEAAA100CEAD9E /* Main.storyboard */; };
		ECC5C3E21FAEAAA100CEAD9E /* Assets.xcassets in Resources */ = {isa = PBXBuildFile; fileRef = ECC5C3E11FAEAAA100CEAD9E /* Assets.xcassets */; };
		ECC5C3E51FAEAAA100CEAD9E /* LaunchScreen.storyboard in Resources */ = {isa = PBXBuildFile; fileRef = ECC5C3E31FAEAAA100CEAD9E /* LaunchScreen.storyboard */; };
/* End PBXBuildFile section */

/* Begin PBXFileReference section */
		ECC5C3D71FAEAAA100CEAD9E /* Onde estou.app */ = {isa = PBXFileReference; explicitFileType = wrapper.application; includeInIndex = 0; path = "Onde estou.app"; sourceTree = BUILT_PRODUCTS_DIR; };
		ECC5C3DA1FAEAAA100CEAD9E /* AppDelegate.swift */ = {isa = PBXFileReference; lastKnownFileType = sourcecode.swift; path = AppDelegate.swift; sourceTree = "<group>"; };
		ECC5C3DC1FAEAAA100CEAD9E /* ViewController.swift */ = {isa = PBXFileReference; lastKnownFileType = sourcecode.swift; path = ViewController.swift; sourceTree = "<group>"; };
		ECC5C3DF1FAEAAA100CEAD9E /* Base */ = {isa = PBXFileReference; lastKnownFileType = file.storyboard; name = Base; path = Base.lproj/Main.storyboard; sourceTree = "<group>"; };
		ECC5C3E11FAEAAA100CEAD9E /* Assets.xcassets */ = {isa = PBXFileReference; lastKnownFileType = folder.assetcatalog; path = Assets.xcassets; sourceTree = "<group>"; };
		ECC5C3E41FAEAAA100CEAD9E /* Base */ = {isa = PBXFileReference; lastKnownFileType = file.storyboard; name = Base; path = Base.lproj/LaunchScreen.storyboard; sourceTree = "<group>"; };
		ECC5C3E61FAEAAA100CEAD9E /* Info.plist */ = {isa = PBXFileReference; lastKnownFileType = text.plist.xml; path = Info.plist; sourceTree = "<group>"; };
/* End PBXFileReference section */

/* Begin PBXFrameworksBuildPhase section */
		ECC5C3D41FAEAAA100CEAD9E /* Frameworks */ = {
			isa = PBXFrameworksBuildPhase;
			buildActionMask = 2147483647;
			files = (
			);
			runOnlyForDeploymentPostprocessing = 0;
		};
/* End PBXFrameworksBuildPhase section */

/* Begin PBXGroup section */
		ECC5C3CE1FAEAAA000CEAD9E = {
			isa = PBXGroup;
			children = (
				ECC5C3D91FAEAAA100CEAD9E /* Onde estou */,
				ECC5C3D81FAEAAA100CEAD9E /* Products */,
			);
			sourceTree = "<group>";
		};
		ECC5C3D81FAEAAA100CEAD9E /* Products */ = {
			isa = PBXGroup;
			children = (
				ECC5C3D71FAEAAA100CEAD9E /* Onde estou.app */,
			);
			name = Products;
			sourceTree = "<group>";
		};
		ECC5C3D91FAEAAA100CEAD9E /* Onde estou */ = {
			isa = PBXGroup;
			children = (
				ECC5C3DA1FAEAAA100CEAD9E /* AppDelegate.swift */,
				ECC5C3DC1FAEAAA100CEAD9E /* ViewController.swift */,
				ECC5C3DE1FAEAAA100CEAD9E /* Main.storyboard */,
				ECC5C3E11FAEAAA100CEAD9E /* Assets.xcassets */,
				ECC5C3E31FAEAAA100CEAD9E /* LaunchScreen.storyboard */,
				ECC5C3E61FAEAAA100CEAD9E /* Info.plist */,
			);
			path = "Onde estou";
			sourceTree = "<group>";
		};
/* End PBXGroup section */

/* Begin PBXNativeTarget section */
		ECC5C3D61FAEAAA100CEAD9E /* Onde estou */ = {
			isa = PBXNativeTarget;
			buildConfigurationList = ECC5C3E91FAEAAA100CEAD9E /* Build configuration list for PBXNativeTarget "Onde estou" */;
			buildPhases = (
				ECC5C3D31FAEAAA100CEAD9E /* Sources */,
				ECC5C3D41FAEAAA100CEAD9E /* Frameworks */,
				ECC5C3D51FAEAAA100CEAD9E /* Resources */,
			);
			buildRules = (
			);
			dependencies = (
			);
			name = "Onde estou";
			productName = "Onde estou";
			productReference = ECC5C3D71FAEAAA100CEAD9E /* Onde estou.app */;
			productType = "com.apple.product-type.application";
		};
/* End PBXNativeTarget section */

/* Begin PBXProject section */
		ECC5C3CF1FAEAAA000CEAD9E /* Project object */ = {
			isa = PBXProject;
			attributes = {
				LastSwiftUpdateCheck = 0910;
				LastUpgradeCheck = 0910;
				ORGANIZATIONNAME = "Bruno Lopes de Mello";
				TargetAttributes = {
					ECC5C3D61FAEAAA100CEAD9E = {
						CreatedOnToolsVersion = 9.1;
						ProvisioningStyle = Automatic;
					};
				};
			};
			buildConfigurationList = ECC5C3D21FAEAAA000CEAD9E /* Build configuration list for PBXProject "Onde estou" */;
			compatibilityVersion = "Xcode 8.0";
			developmentRegion = en;
			hasScannedForEncodings = 0;
			knownRegions = (
				en,
				Base,
			);
			mainGroup = ECC5C3CE1FAEAAA000CEAD9E;
			productRefGroup = ECC5C3D81FAEAAA100CEAD9E /* Products */;
			projectDirPath = "";
			projectRoot = "";
			targets = (
				ECC5C3D61FAEAAA100CEAD9E /* Onde estou */,
			);
		};
/* End PBXProject section */

/* Begin PBXResourcesBuildPhase section */
		ECC5C3D51FAEAAA100CEAD9E /* Resources */ = {
			isa = PBXResourcesBuildPhase;
			buildActionMask = 2147483647;
			files = (
				ECC5C3E51FAEAAA100CEAD9E /* LaunchScreen.storyboard in Resources */,
				ECC5C3E21FAEAAA100CEAD9E /* Assets.xcassets in Resources */,
				ECC5C3E01FAEAAA100CEAD9E /* Main.storyboard in Resources */,
			);
			runOnlyForDeploymentPostprocessing = 0;
		};
/* End PBXResourcesBuildPhase section */

/* Begin PBXSourcesBuildPhase section */
		ECC5C3D31FAEAAA100CEAD9E /* Sources */ = {
			isa = PBXSourcesBuildPhase;
			buildActionMask = 2147483647;
			files = (
				ECC5C3DD1FAEAAA100CEAD9E /* ViewController.swift in Sources */,
				ECC5C3DB1FAEAAA100CEAD9E /* AppDelegate.swift in Sources */,
			);
			runOnlyForDeploymentPostprocessing = 0;
		};
/* End PBXSourcesBuildPhase section */

/* Begin PBXVariantGroup section */
		ECC5C3DE1FAEAAA100CEAD9E /* Main.storyboard */ = {
			isa = PBXVariantGroup;
			children = (
				ECC5C3DF1FAEAAA100CEAD9E /* Base */,
			);
			name = Main.storyboard;
			sourceTree = "<group>";
		};
		ECC5C3E31FAEAAA100CEAD9E /* LaunchScreen.storyboard */ = {
			isa = PBXVariantGroup;
			children = (
				ECC5C3E41FAEAAA100CEAD9E /* Base */,
			);
			name = LaunchScreen.storyboard;
			sourceTree = "<group>";
		};
/* End PBXVariantGroup section */

/* Begin XCBuildConfiguration section */
		ECC5C3E71FAEAAA100CEAD9E /* Debug */ = {
			isa = XCBuildConfiguration;
			buildSettings = {
				ALWAYS_SEARCH_USER_PATHS = NO;
				CLANG_ANALYZER_NONNULL = YES;
				CLANG_ANALYZER_NUMBER_OBJECT_CONVERSION = YES_AGGRESSIVE;
				CLANG_CXX_LANGUAGE_STANDARD = "gnu++14";
				CLANG_CXX_LIBRARY = "libc++";
				CLANG_ENABLE_MODULES = YES;
				CLANG_ENABLE_OBJC_ARC = YES;
				CLANG_WARN_BLOCK_CAPTURE_AUTORELEASING = YES;
				CLANG_WARN_BOOL_CONVERSION = YES;
				CLANG_WARN_COMMA = YES;
				CLANG_WARN_CONSTANT_CONVERSION = YES;
				CLANG_WARN_DIRECT_OBJC_ISA_USAGE = YES_ERROR;
				CLANG_WARN_DOCUMENTATION_COMMENTS = YES;
				CLANG_WARN_EMPTY_BODY = YES;
				CLANG_WARN_ENUM_CONVERSION = YES;
				CLANG_WARN_INFINITE_RECURSION = YES;
				CLANG_WARN_INT_CONVERSION = YES;
				CLANG_WARN_NON_LITERAL_NULL_CONVERSION = YES;
				CLANG_WARN_OBJC_LITERAL_CONVERSION = YES;
				CLANG_WARN_OBJC_ROOT_CLASS = YES_ERROR;
				CLANG_WARN_RANGE_LOOP_ANALYSIS = YES;
				CLANG_WARN_STRICT_PROTOTYPES = YES;
				CLANG_WARN_SUSPICIOUS_MOVE = YES;
				CLANG_WARN_UNGUARDED_AVAILABILITY = YES_AGGRESSIVE;
				CLANG_WARN_UNREACHABLE_CODE = YES;
				CLANG_WARN__DUPLICATE_METHOD_MATCH = YES;
				CODE_SIGN_IDENTITY = "iPhone Developer";
				COPY_PHASE_STRIP = NO;
				DEBUG_INFORMATION_FORMAT = dwarf;
				ENABLE_STRICT_OBJC_MSGSEND = YES;
				ENABLE_TESTABILITY = YES;
				GCC_C_LANGUAGE_STANDARD = gnu11;
				GCC_DYNAMIC_NO_PIC = NO;
				GCC_NO_COMMON_BLOCKS = YES;
				GCC_OPTIMIZATION_LEVEL = 0;
				GCC_PREPROCESSOR_DEFINITIONS = (
					"DEBUG=1",
					"$(inherited)",
				);
				GCC_WARN_64_TO_32_BIT_CONVERSION = YES;
				GCC_WARN_ABOUT_RETURN_TYPE = YES_ERROR;
				GCC_WARN_UNDECLARED_SELECTOR = YES;
				GCC_WARN_UNINITIALIZED_AUTOS = YES_AGGRESSIVE;
				GCC_WARN_UNUSED_FUNCTION = YES;
				GCC_WARN_UNUSED_VARIABLE = YES;
				IPHONEOS_DEPLOYMENT_TARGET = 11.1;
				MTL_ENABLE_DEBUG_INFO = YES;
				ONLY_ACTIVE_ARCH = YES;
				SDKROOT = iphoneos;
				SWIFT_ACTIVE_COMPILATION_CONDITIONS = DEBUG;
				SWIFT_OPTIMIZATION_LEVEL = "-Onone";
			};
			name = Debug;
		};
		ECC5C3E81FAEAAA100CEAD9E /* Release */ = {
			isa = XCBuildConfiguration;
			buildSettings = {
				ALWAYS_SEARCH_USER_PATHS = NO;
				CLANG_ANALYZER_NONNULL = YES;
				CLANG_ANALYZER_NUMBER_OBJECT_CONVERSION = YES_AGGRESSIVE;
				CLANG_CXX_LANGUAGE_STANDARD = "gnu++14";
				CLANG_CXX_LIBRARY = "libc++";
				CLANG_ENABLE_MODULES = YES;
				CLANG_ENABLE_OBJC_ARC = YES;
				CLANG_WARN_BLOCK_CAPTURE_AUTORELEASING = YES;
				CLANG_WARN_BOOL_CONVERSION = YES;
				CLANG_WARN_COMMA = YES;
				CLANG_WARN_CONSTANT_CONVERSION = YES;
				CLANG_WARN_DIRECT_OBJC_ISA_USAGE = YES_ERROR;
				CLANG_WARN_DOCUMENTATION_COMMENTS = YES;
				CLANG_WARN_EMPTY_BODY = YES;
				CLANG_WARN_ENUM_CONVERSION = YES;
				CLANG_WARN_INFINITE_RECURSION = YES;
				CLANG_WARN_INT_CONVERSION = YES;
				CLANG_WARN_NON_LITERAL_NULL_CONVERSION = YES;
				CLANG_WARN_OBJC_LITERAL_CONVERSION = YES;
				CLANG_WARN_OBJC_ROOT_CLASS = YES_ERROR;
				CLANG_WARN_RANGE_LOOP_ANALYSIS = YES;
				CLANG_WARN_STRICT_PROTOTYPES = YES;
				CLANG_WARN_SUSPICIOUS_MOVE = YES;
				CLANG_WARN_UNGUARDED_AVAILABILITY = YES_AGGRESSIVE;
				CLANG_WARN_UNREACHABLE_CODE = YES;
				CLANG_WARN__DUPLICATE_METHOD_MATCH = YES;
				CODE_SIGN_IDENTITY = "iPhone Developer";
				COPY_PHASE_STRIP = NO;
				DEBUG_INFORMATION_FORMAT = "dwarf-with-dsym";
				ENABLE_NS_ASSERTIONS = NO;
				ENABLE_STRICT_OBJC_MSGSEND = YES;
				GCC_C_LANGUAGE_STANDARD = gnu11;
				GCC_NO_COMMON_BLOCKS = YES;
				GCC_WARN_64_TO_32_BIT_CONVERSION = YES;
				GCC_WARN_ABOUT_RETURN_TYPE = YES_ERROR;
				GCC_WARN_UNDECLARED_SELECTOR = YES;
				GCC_WARN_UNINITIALIZED_AUTOS = YES_AGGRESSIVE;
				GCC_WARN_UNUSED_FUNCTION = YES;
				GCC_WARN_UNUSED_VARIABLE = YES;
				IPHONEOS_DEPLOYMENT_TARGET = 11.1;
				MTL_ENABLE_DEBUG_INFO = NO;
				SDKROOT = iphoneos;
				SWIFT_OPTIMIZATION_LEVEL = "-Owholemodule";
				VALIDATE_PRODUCT = YES;
			};
			name = Release;
		};
		ECC5C3EA1FAEAAA100CEAD9E /* Debug */ = {
			isa = XCBuildConfiguration;
			buildSettings = {
				ASSETCATALOG_COMPILER_APPICON_NAME = AppIcon;
				CODE_SIGN_STYLE = Automatic;
				DEVELOPMENT_TEAM = RDTR6557FX;
				INFOPLIST_FILE = "Onde estou/Info.plist";
				LD_RUNPATH_SEARCH_PATHS = "$(inherited) @executable_path/Frameworks";
				PRODUCT_BUNDLE_IDENTIFIER = "com.cursoios.Onde-estou1";
				PRODUCT_NAME = "$(TARGET_NAME)";
				SWIFT_VERSION = 4.0;
				TARGETED_DEVICE_FAMILY = "1,2";
			};
			name = Debug;
		};
		ECC5C3EB1FAEAAA100CEAD9E /* Release */ = {
			isa = XCBuildConfiguration;
			buildSettings = {
				ASSETCATALOG_COMPILER_APPICON_NAME = AppIcon;
				CODE_SIGN_STYLE = Automatic;
				DEVELOPMENT_TEAM = RDTR6557FX;
				INFOPLIST_FILE = "Onde estou/Info.plist";
				LD_RUNPATH_SEARCH_PATHS = "$(inherited) @executable_path/Frameworks";
				PRODUCT_BUNDLE_IDENTIFIER = "com.cursoios.Onde-estou1";
				PRODUCT_NAME = "$(TARGET_NAME)";
				SWIFT_VERSION = 4.0;
				TARGETED_DEVICE_FAMILY = "1,2";
			};
			name = Release;
		};
/* End XCBuildConfiguration section */

/* Begin XCConfigurationList section */
		ECC5C3D21FAEAAA000CEAD9E /* Build configuration list for PBXProject "Onde estou" */ = {
			isa = XCConfigurationList;
			buildConfigurations = (
				ECC5C3E71FAEAAA100CEAD9E /* Debug */,
				ECC5C3E81FAEAAA100CEAD9E /* Release */,
			);
			defaultConfigurationIsVisible = 0;
			defaultConfigurationName = Release;
		};
		ECC5C3E91FAEAAA100CEAD9E /* Build configuration list for PBXNativeTarget "Onde estou" */ = {
			isa = XCConfigurationList;
			buildConfigurations = (
				ECC5C3EA1FAEAAA100CEAD9E /* Debug */,
				ECC5C3EB1FAEAAA100CEAD9E /* Release */,
			);
			defaultConfigurationIsVisible = 0;
			defaultConfigurationName = Release;
		};
/* End XCConfigurationList section */
	};
	rootObject = ECC5C3CF1FAEAAA000CEAD9E /* Project object */;
}
